
Microsoft Visual Studio Solution File, Format Version 12.00
# Visual Studio Version 17
VisualStudioVersion = 17.3.32819.101
MinimumVisualStudioVersion = 10.0.40219.1
Project("{9A19103F-16F7-4668-BE54-9A1E7A4F7556}") = "Xy.Project.Platform", "Xy.Project.Platform\Xy.Project.Platform.csproj", "{55EE4101-B337-49FD-B348-FC8A66ADBB46}"
EndProject
Project("{9A19103F-16F7-4668-BE54-9A1E7A4F7556}") = "Xy.Project.DataBase", "Xy.Project.DataBase\Xy.Project.DataBase.csproj", "{F1BA8C06-8F1C-4CB0-84C7-C95E96FF0BEE}"
EndProject
Project("{9A19103F-16F7-4668-BE54-9A1E7A4F7556}") = "Xy.Project.Core", "Xy.Project.Core\Xy.Project.Core.csproj", "{F8A16446-8A31-416B-A50A-CA9F30D4FD7C}"
EndProject
Project("{9A19103F-16F7-4668-BE54-9A1E7A4F7556}") = "Xy.Project.Platform.Model", "Xy.Project.Platform.Model\Xy.Project.Platform.Model.csproj", "{48FC83BF-A5A7-4398-A9D3-4C8CEF2427EC}"
EndProject
Project("{9A19103F-16F7-4668-BE54-9A1E7A4F7556}") = "Xy.Project.Application", "Xy.Project.Application\Xy.Project.Application.csproj", "{B7FA64AE-A65C-4CC6-88D7-DCA2F7E4DDB1}"
EndProject
Project("{9A19103F-16F7-4668-BE54-9A1E7A4F7556}") = "Xy.Project.Identity", "Xy.Project.Identity\Xy.Project.Identity.csproj", "{DE5D503C-3290-4B84-B358-64E1E42297C4}"
EndProject
Project("{2150E333-8FDC-42A3-9474-1A3956D46DE8}") = "Solution Items", "Solution Items", "{63F73E3A-B7AC-4BCA-8E56-8E147249C070}"
	ProjectSection(SolutionItems) = preProject
		.editorconfig = .editorconfig
	EndProjectSection
EndProject
Global
	GlobalSection(SolutionConfigurationPlatforms) = preSolution
		Debug|Any CPU = Debug|Any CPU
		Release|Any CPU = Release|Any CPU
	EndGlobalSection
	GlobalSection(ProjectConfigurationPlatforms) = postSolution
		{55EE4101-B337-49FD-B348-FC8A66ADBB46}.Debug|Any CPU.ActiveCfg = Debug|Any CPU
		{55EE4101-B337-49FD-B348-FC8A66ADBB46}.Debug|Any CPU.Build.0 = Debug|Any CPU
		{55EE4101-B337-49FD-B348-FC8A66ADBB46}.Release|Any CPU.ActiveCfg = Release|Any CPU
		{55EE4101-B337-49FD-B348-FC8A66ADBB46}.Release|Any CPU.Build.0 = Release|Any CPU
		{F1BA8C06-8F1C-4CB0-84C7-C95E96FF0BEE}.Debug|Any CPU.ActiveCfg = Debug|Any CPU
		{F1BA8C06-8F1C-4CB0-84C7-C95E96FF0BEE}.Debug|Any CPU.Build.0 = Debug|Any CPU
		{F1BA8C06-8F1C-4CB0-84C7-C95E96FF0BEE}.Release|Any CPU.ActiveCfg = Release|Any CPU
		{F1BA8C06-8F1C-4CB0-84C7-C95E96FF0BEE}.Release|Any CPU.Build.0 = Release|Any CPU
		{F8A16446-8A31-416B-A50A-CA9F30D4FD7C}.Debug|Any CPU.ActiveCfg = Debug|Any CPU
		{F8A16446-8A31-416B-A50A-CA9F30D4FD7C}.Debug|Any CPU.Build.0 = Debug|Any CPU
		{F8A16446-8A31-416B-A50A-CA9F30D4FD7C}.Release|Any CPU.ActiveCfg = Release|Any CPU
		{F8A16446-8A31-416B-A50A-CA9F30D4FD7C}.Release|Any CPU.Build.0 = Release|Any CPU
		{48FC83BF-A5A7-4398-A9D3-4C8CEF2427EC}.Debug|Any CPU.ActiveCfg = Debug|Any CPU
		{48FC83BF-A5A7-4398-A9D3-4C8CEF2427EC}.Debug|Any CPU.Build.0 = Debug|Any CPU
		{48FC83BF-A5A7-4398-A9D3-4C8CEF2427EC}.Release|Any CPU.ActiveCfg = Release|Any CPU
		{48FC83BF-A5A7-4398-A9D3-4C8CEF2427EC}.Release|Any CPU.Build.0 = Release|Any CPU
		{B7FA64AE-A65C-4CC6-88D7-DCA2F7E4DDB1}.Debug|Any CPU.ActiveCfg = Debug|Any CPU
		{B7FA64AE-A65C-4CC6-88D7-DCA2F7E4DDB1}.Debug|Any CPU.Build.0 = Debug|Any CPU
		{B7FA64AE-A65C-4CC6-88D7-DCA2F7E4DDB1}.Release|Any CPU.ActiveCfg = Release|Any CPU
		{B7FA64AE-A65C-4CC6-88D7-DCA2F7E4DDB1}.Release|Any CPU.Build.0 = Release|Any CPU
		{DE5D503C-3290-4B84-B358-64E1E42297C4}.Debug|Any CPU.ActiveCfg = Debug|Any CPU
		{DE5D503C-3290-4B84-B358-64E1E42297C4}.Debug|Any CPU.Build.0 = Debug|Any CPU
		{DE5D503C-3290-4B84-B358-64E1E42297C4}.Release|Any CPU.ActiveCfg = Release|Any CPU
		{DE5D503C-3290-4B84-B358-64E1E42297C4}.Release|Any CPU.Build.0 = Release|Any CPU
	EndGlobalSection
	GlobalSection(SolutionProperties) = preSolution
		HideSolutionNode = FALSE
	EndGlobalSection
	GlobalSection(ExtensibilityGlobals) = postSolution
		SolutionGuid = {051DE549-122D-4BF3-A136-DB86075AAB42}
	EndGlobalSection
EndGlobal
